
Microsoft Visual Studio Solution File, Format Version 12.00
# Visual Studio Version 17
VisualStudioVersion = 17.7.34202.233
MinimumVisualStudioVersion = 10.0.40219.1
Project("{FAE04EC0-301F-11D3-BF4B-00C04F79EFBC}") = "Primer-codigo", "Primer-codigo\Primer-codigo.csproj", "{096B8509-2117-400E-8BD3-44BE9D05708D}"
EndProject
Global
	GlobalSection(SolutionConfigurationPlatforms) = preSolution
		Debug|Any CPU = Debug|Any CPU
		Release|Any CPU = Release|Any CPU
	EndGlobalSection
	GlobalSection(ProjectConfigurationPlatforms) = postSolution
		{096B8509-2117-400E-8BD3-44BE9D05708D}.Debug|Any CPU.ActiveCfg = Debug|Any CPU
		{096B8509-2117-400E-8BD3-44BE9D05708D}.Debug|Any CPU.Build.0 = Debug|Any CPU
		{096B8509-2117-400E-8BD3-44BE9D05708D}.Release|Any CPU.ActiveCfg = Release|Any CPU
		{096B8509-2117-400E-8BD3-44BE9D05708D}.Release|Any CPU.Build.0 = Release|Any CPU
	EndGlobalSection
	GlobalSection(SolutionProperties) = preSolution
		HideSolutionNode = FALSE
	EndGlobalSection
	GlobalSection(ExtensibilityGlobals) = postSolution
		SolutionGuid = {4497AFCF-0CE1-401A-8FEA-CB25572438E6}
	EndGlobalSection
EndGlobal
